# @generated - this file is auto-generated by `mise lock` https://mise.jdx.dev/dev-tools/mise-lock.html

lockfile_version = 3

[[tools."aqua:BurntSushi/ripgrep"]]
version = "15.2.0"
backend = "aqua:BurntSushi/ripgrep"
specifiers = ["15.2.0"]

[tools."aqua:BurntSushi/ripgrep"."platforms.linux-arm64"]
checksum = "sha256:a740b91c82eaf9914cfedd353572f2791cbe0162c84101ee0951058f4dcbc90d"
url = "https://github.com/BurntSushi/ripgrep/releases/download/15.2.0/ripgrep-15.2.0-aarch64-unknown-linux-gnu.tar.gz"
url_api = "https://api.github.com/repos/BurntSushi/ripgrep/releases/assets/478119579"

[tools."aqua:BurntSushi/ripgrep"."platforms.linux-x64"]
checksum = "sha256:33e15bcf1624b25cdd2a55813a47a2f95dbe126268203e76aa6a585d1e7b149c"
url = "https://github.com/BurntSushi/ripgrep/releases/download/15.2.0/ripgrep-15.2.0-x86_64-unknown-linux-musl.tar.gz"
url_api = "https://api.github.com/repos/BurntSushi/ripgrep/releases/assets/478120097"

[[tools."aqua:ast-grep/ast-grep"]]
version = "0.50.0"
backend = "aqua:ast-grep/ast-grep"
specifiers = ["0.50.0"]

[tools."aqua:ast-grep/ast-grep"."platforms.linux-arm64"]
checksum = "sha256:3a4ad22dd1dca7a4900a173de65885578617af57fa13dd93b8d345d6b352770e"
url = "https://github.com/ast-grep/ast-grep/releases/download/0.50.0/app-aarch64-unknown-linux-gnu.zip"
url_api = "https://api.github.com/repos/ast-grep/ast-grep/releases/assets/625207184"

[tools."aqua:ast-grep/ast-grep"."platforms.linux-x64"]
checksum = "sha256:0fd3f489639abb8465a914b74b8779171577582318d8a940d00399f59dba81c5"
url = "https://github.com/ast-grep/ast-grep/releases/download/0.50.0/app-x86_64-unknown-linux-gnu.zip"
url_api = "https://api.github.com/repos/ast-grep/ast-grep/releases/assets/625203767"

[[tools."aqua:cli/cli"]]
version = "2.102.0"
backend = "aqua:cli/cli"
specifiers = ["2.102.0"]

[tools."aqua:cli/cli"."platforms.linux-arm64"]
checksum = "sha256:7862c86c72f43df3a2d93ddde6f473285b4e2af61b494849846827e513ef6484"
url = "https://github.com/cli/cli/releases/download/v2.102.0/gh_2.102.0_linux_arm64.tar.gz"
url_api = "https://api.github.com/repos/cli/cli/releases/assets/599854680"
provenance = "github-attestations"

[tools."aqua:cli/cli"."platforms.linux-x64"]
checksum = "sha256:bb766f710eef8ede859c18578c72c327597cd4c8a85b06001b1f3843c6019386"
url = "https://github.com/cli/cli/releases/download/v2.102.0/gh_2.102.0_linux_amd64.tar.gz"
url_api = "https://api.github.com/repos/cli/cli/releases/assets/599854672"
provenance = "github-attestations"

[[tools."aqua:gitleaks/gitleaks"]]
version = "8.30.1"
backend = "aqua:gitleaks/gitleaks"
specifiers = ["8.30.1"]

[tools."aqua:gitleaks/gitleaks"."platforms.linux-arm64"]
checksum = "sha256:e4a487ee7ccd7d3a7f7ec08657610aa3606637dab924210b3aee62570fb4b080"
url = "https://github.com/gitleaks/gitleaks/releases/download/v8.30.1/gitleaks_8.30.1_linux_arm64.tar.gz"
url_api = "https://api.github.com/repos/gitleaks/gitleaks/releases/assets/378332057"

[tools."aqua:gitleaks/gitleaks"."platforms.linux-x64"]
checksum = "sha256:551f6fc83ea457d62a0d98237cbad105af8d557003051f41f3e7ca7b3f2470eb"
url = "https://github.com/gitleaks/gitleaks/releases/download/v8.30.1/gitleaks_8.30.1_linux_x64.tar.gz"
url_api = "https://api.github.com/repos/gitleaks/gitleaks/releases/assets/378332058"

[[tools."aqua:google/osv-scanner"]]
version = "2.6.0"
backend = "aqua:google/osv-scanner"
specifiers = ["2.6.0"]

[tools."aqua:google/osv-scanner"."platforms.linux-arm64"]
checksum = "sha256:2c71403eb443d05891c4f268c3ad771cf4f16e5443463fd7851ef8f454d3c7e4"
url = "https://github.com/google/osv-scanner/releases/download/v2.6.0/osv-scanner_linux_arm64"
url_api = "https://api.github.com/repos/google/osv-scanner/releases/assets/562414650"

[tools."aqua:google/osv-scanner"."platforms.linux-x64"]
checksum = "sha256:ca69b3d3cd08f889a49dc0a383122f71cc528b83803671df5fd874d97485b108"
url = "https://github.com/google/osv-scanner/releases/download/v2.6.0/osv-scanner_linux_amd64"
url_api = "https://api.github.com/repos/google/osv-scanner/releases/assets/562414718"

[[tools."aqua:rhysd/actionlint"]]
version = "1.7.12"
backend = "aqua:rhysd/actionlint"
specifiers = ["1.7.12"]

[tools."aqua:rhysd/actionlint"."platforms.linux-arm64"]
checksum = "sha256:325e971b6ba9bfa504672e29be93c24981eeb1c07576d730e9f7c8805afff0c6"
url = "https://github.com/rhysd/actionlint/releases/download/v1.7.12/actionlint_1.7.12_linux_arm64.tar.gz"
url_api = "https://api.github.com/repos/rhysd/actionlint/releases/assets/384924897"
provenance = "github-attestations"

[tools."aqua:rhysd/actionlint"."platforms.linux-x64"]
checksum = "sha256:8aca8db96f1b94770f1b0d72b6dddcb1ebb8123cb3712530b08cc387b349a3d8"
url = "https://github.com/rhysd/actionlint/releases/download/v1.7.12/actionlint_1.7.12_linux_amd64.tar.gz"
url_api = "https://api.github.com/repos/rhysd/actionlint/releases/assets/384924896"
provenance = "github-attestations"

[[tools."aqua:rtk-ai/rtk"]]
version = "0.51.0"
backend = "aqua:rtk-ai/rtk"
specifiers = ["0.51.0"]

[tools."aqua:rtk-ai/rtk"."platforms.linux-arm64"]
checksum = "sha256:8d6d1aad9e69b42481eda7039507d1f7ee93698f87713cecd873d287c1931632"
url = "https://github.com/rtk-ai/rtk/releases/download/v0.51.0/rtk-aarch64-unknown-linux-gnu.tar.gz"
url_api = "https://api.github.com/repos/rtk-ai/rtk/releases/assets/605695144"

[tools."aqua:rtk-ai/rtk"."platforms.linux-x64"]
checksum = "sha256:5028d3b19a8f0990d30fec9fbb07e32782bc5698e618fb1861aad8a9ccba4eb5"
url = "https://github.com/rtk-ai/rtk/releases/download/v0.51.0/rtk-x86_64-unknown-linux-musl.tar.gz"
url_api = "https://api.github.com/repos/rtk-ai/rtk/releases/assets/605695141"

[[tools."github:DeusData/codebase-memory-mcp"]]
version = "0.11.0"
backend = "github:DeusData/codebase-memory-mcp"
specifiers = ["0.11.0"]

[tools."github:DeusData/codebase-memory-mcp".options]
asset_pattern = "codebase-memory-mcp-linux-arm64.tar.gz"

[tools."github:DeusData/codebase-memory-mcp"."platforms.linux-arm64"]
checksum = "sha256:c0e46c87cf37e35f1ac0bd9cc7e1d8b0ca4ef40034e1008805d709fa52a4e38a"
url = "https://github.com/DeusData/codebase-memory-mcp/releases/download/v0.11.0/codebase-memory-mcp-linux-arm64.tar.gz"
url_api = "https://api.github.com/repos/DeusData/codebase-memory-mcp/releases/assets/566714375"
provenance = "github-attestations"

[[tools."github:DeusData/codebase-memory-mcp"]]
version = "0.11.0"
backend = "github:DeusData/codebase-memory-mcp"
specifiers = ["0.11.0"]

[tools."github:DeusData/codebase-memory-mcp".options]
asset_pattern = "codebase-memory-mcp-linux-amd64.tar.gz"

[tools."github:DeusData/codebase-memory-mcp"."platforms.linux-x64"]
checksum = "sha256:032b33c1833919a2d1de67ff6367fa6ea46aee8689c86ef223c88fae3b6e4536"
url = "https://github.com/DeusData/codebase-memory-mcp/releases/download/v0.11.0/codebase-memory-mcp-linux-amd64.tar.gz"
url_api = "https://api.github.com/repos/DeusData/codebase-memory-mcp/releases/assets/566714382"
provenance = "github-attestations"

[[tools."github:astral-sh/uv"]]
version = "0.13.0"
backend = "github:astral-sh/uv"
specifiers = ["0.13.0"]

[tools."github:astral-sh/uv".options]
asset_pattern = "uv-aarch64-unknown-linux-gnu.tar.gz"

[tools."github:astral-sh/uv"."platforms.linux-arm64"]
checksum = "sha256:3ccfb6af6e242433eb552f7d9676abd5412c6595c497e990d9c8cb7b5bd4d2c3"
url = "https://github.com/astral-sh/uv/releases/download/0.13.0/uv-aarch64-unknown-linux-gnu.tar.gz"
url_api = "https://api.github.com/repos/astral-sh/uv/releases/assets/626003012"
provenance = "github-attestations"

[[tools."github:astral-sh/uv"]]
version = "0.13.0"
backend = "github:astral-sh/uv"
specifiers = ["0.13.0"]

[tools."github:astral-sh/uv".options]
asset_pattern = "uv-x86_64-unknown-linux-gnu.tar.gz"

[tools."github:astral-sh/uv"."platforms.linux-x64"]
checksum = "sha256:1468ebd5a5541121837c5a2817b9972ba6090fa6caa3d142620850a47fb75154"
url = "https://github.com/astral-sh/uv/releases/download/0.13.0/uv-x86_64-unknown-linux-gnu.tar.gz"
url_api = "https://api.github.com/repos/astral-sh/uv/releases/assets/626003332"
provenance = "github-attestations"

[[tools."github:koalaman/shellcheck"]]
version = "0.11.0"
backend = "github:koalaman/shellcheck"
specifiers = ["0.11.0"]

[tools."github:koalaman/shellcheck".options]
asset_pattern = "shellcheck-v*.linux.aarch64.tar.gz"

[tools."github:koalaman/shellcheck"."platforms.linux-arm64"]
checksum = "sha256:68a8133197a50beb8803f8d42f9908d1af1c5540d4bb05fdfca8c1fa47decefc"
url = "https://github.com/koalaman/shellcheck/releases/download/v0.11.0/shellcheck-v0.11.0.linux.aarch64.tar.gz"
url_api = "https://api.github.com/repos/koalaman/shellcheck/releases/assets/336391401"

[[tools."github:koalaman/shellcheck"]]
version = "0.11.0"
backend = "github:koalaman/shellcheck"
specifiers = ["0.11.0"]

[tools."github:koalaman/shellcheck".options]
asset_pattern = "shellcheck-v*.linux.x86_64.tar.gz"

[tools."github:koalaman/shellcheck"."platforms.linux-x64"]
checksum = "sha256:b7af85e41cc99489dcc21d66c6d5f3685138f06d34651e6d34b42ec6d54fe6f6"
url = "https://github.com/koalaman/shellcheck/releases/download/v0.11.0/shellcheck-v0.11.0.linux.x86_64.tar.gz"
url_api = "https://api.github.com/repos/koalaman/shellcheck/releases/assets/336391469"

[[tools."http:bats"]]
version = "1.14.0"
backend = "http:bats"
specifiers = ["1.14.0"]

[tools."http:bats".options]
strip_components = "1"

[tools."http:bats"."platforms.linux-arm64"]
checksum = "sha256:bb537b70b15b732f6d8827dd6578e3d8ce166636ce1f18ea9a074184fcce9177"
url = "https://github.com/bats-core/bats-core/archive/refs/tags/v1.14.0.tar.gz"

[tools."http:bats"."platforms.linux-x64"]
checksum = "sha256:bb537b70b15b732f6d8827dd6578e3d8ce166636ce1f18ea9a074184fcce9177"
url = "https://github.com/bats-core/bats-core/archive/refs/tags/v1.14.0.tar.gz"

[[tools."http:opencode"]]
version = "2.0.26"
backend = "http:opencode"
specifiers = ["2.0.26"]

[tools."http:opencode"."platforms.linux-arm64"]
checksum = "sha256:1508f9cc9a519b2aac93439d171a0be554ffe5a2cf433405010ec664663a7eae"
url = "https://opencode.ai/files/bin/2.0.26/opencode-linux-arm64.tar.gz"

[tools."http:opencode"."platforms.linux-x64"]
checksum = "sha256:0e682946fea509299f1515dfb6261aa5cf8d1d2e5ccdc833470523acb7222106"
url = "https://opencode.ai/files/bin/2.0.26/opencode-linux-x64-baseline.tar.gz"

[[tools.node]]
version = "24.21.0"
backend = "core:node"
specifiers = ["24.21.0"]

[tools.node."platforms.linux-arm64"]
checksum = "sha256:724282c3b43aec998aa9527380465b45d229e021b58035f5f4f63095eabfe5d5"
url = "https://nodejs.org/dist/v24.21.0/node-v24.21.0-linux-arm64.tar.gz"

[tools.node."platforms.linux-x64"]
checksum = "sha256:6e1db87ef58b8819e5d5402eff1536491b18edd8eb7bee5ef7897876e88dc5ff"
url = "https://nodejs.org/dist/v24.21.0/node-v24.21.0-linux-x64.tar.gz"

[[tools.python]]
version = "3.14.8"
backend = "core:python"
specifiers = ["3.14.8"]

[tools.python."platforms.linux-arm64"]
checksum = "sha256:54f9cd13b97add6bbd077175b6d89f974cc582ece1c40ace1893067582edaf0e"
url = "https://github.com/astral-sh/python-build-standalone/releases/download/20261009/cpython-3.14.8+20261009-aarch64-unknown-linux-gnu-install_only_stripped.tar.gz"
provenance = "github-attestations"

[tools.python."platforms.linux-x64"]
checksum = "sha256:ddc902fd26460f728758c67d80417c1031edf97589f1f162c4ba3aa158a35998"
url = "https://github.com/astral-sh/python-build-standalone/releases/download/20261009/cpython-3.14.8+20261009-x86_64-unknown-linux-gnu-install_only_stripped.tar.gz"
provenance = "github-attestations"
