# @generated - this file is auto-generated by `mise lock` https://mise.jdx.dev/dev-tools/mise-lock.html

lockfile_version = 3

[[tools."github:astral-sh/ruff"]]
version = "0.17.0"
backend = "github:astral-sh/ruff"
specifiers = ["0.17.0"]

[tools."github:astral-sh/ruff".options]
asset_pattern = "ruff-aarch64-unknown-linux-gnu.tar.gz"

[tools."github:astral-sh/ruff"."platforms.linux-arm64"]
checksum = "sha256:294e181ba6ccb0c2ffd778580e3c42b19f038bdbcb844f39fd9a6a26e8148804"
url = "https://github.com/astral-sh/ruff/releases/download/0.17.0/ruff-aarch64-unknown-linux-gnu.tar.gz"
url_api = "https://api.github.com/repos/astral-sh/ruff/releases/assets/625999236"
provenance = "github-attestations"

[[tools."github:astral-sh/ruff"]]
version = "0.17.0"
backend = "github:astral-sh/ruff"
specifiers = ["0.17.0"]

[tools."github:astral-sh/ruff".options]
asset_pattern = "ruff-x86_64-unknown-linux-gnu.tar.gz"

[tools."github:astral-sh/ruff"."platforms.linux-x64"]
checksum = "sha256:c94fc1dc71f054d06d9f1149442dcb471516aa2b7d4b7e8124e05d082d4c91d3"
url = "https://github.com/astral-sh/ruff/releases/download/0.17.0/ruff-x86_64-unknown-linux-gnu.tar.gz"
url_api = "https://api.github.com/repos/astral-sh/ruff/releases/assets/625999382"
provenance = "github-attestations"

[[tools."github:astral-sh/ty"]]
version = "0.0.86"
backend = "github:astral-sh/ty"
specifiers = ["0.0.86"]

[tools."github:astral-sh/ty".options]
asset_pattern = "ty-x86_64-unknown-linux-gnu.tar.gz"

[tools."github:astral-sh/ty"."platforms.linux-x64"]
checksum = "sha256:0024ef2bf1e95a56fca6d8f9be44d4abf28ee44860b05095ad2bc3cff6a6c767"
url = "https://github.com/astral-sh/ty/releases/download/0.0.86/ty-x86_64-unknown-linux-gnu.tar.gz"
url_api = "https://api.github.com/repos/astral-sh/ty/releases/assets/626334238"
provenance = "github-attestations"

[[tools."github:astral-sh/ty"]]
version = "0.0.86"
backend = "github:astral-sh/ty"
specifiers = ["0.0.86"]

[tools."github:astral-sh/ty".options]
asset_pattern = "ty-aarch64-unknown-linux-gnu.tar.gz"

[tools."github:astral-sh/ty"."platforms.linux-arm64"]
checksum = "sha256:c40c4f4c72e1e7e29e71d2765b605b366393fa7e6296c903e0b21eb1927b59de"
url = "https://github.com/astral-sh/ty/releases/download/0.0.86/ty-aarch64-unknown-linux-gnu.tar.gz"
url_api = "https://api.github.com/repos/astral-sh/ty/releases/assets/626334035"
provenance = "github-attestations"

[[tools."github:astral-sh/uv"]]
version = "0.13.0"
backend = "github:astral-sh/uv"
specifiers = ["0.13.0"]

[tools."github:astral-sh/uv".options]
asset_pattern = "uv-aarch64-unknown-linux-gnu.tar.gz"

[tools."github:astral-sh/uv"."platforms.linux-arm64"]
checksum = "sha256:3ccfb6af6e242433eb552f7d9676abd5412c6595c497e990d9c8cb7b5bd4d2c3"
url = "https://github.com/astral-sh/uv/releases/download/0.13.0/uv-aarch64-unknown-linux-gnu.tar.gz"
url_api = "https://api.github.com/repos/astral-sh/uv/releases/assets/626003012"
provenance = "github-attestations"

[[tools."github:astral-sh/uv"]]
version = "0.13.0"
backend = "github:astral-sh/uv"
specifiers = ["0.13.0"]

[tools."github:astral-sh/uv".options]
asset_pattern = "uv-x86_64-unknown-linux-gnu.tar.gz"

[tools."github:astral-sh/uv"."platforms.linux-x64"]
checksum = "sha256:1468ebd5a5541121837c5a2817b9972ba6090fa6caa3d142620850a47fb75154"
url = "https://github.com/astral-sh/uv/releases/download/0.13.0/uv-x86_64-unknown-linux-gnu.tar.gz"
url_api = "https://api.github.com/repos/astral-sh/uv/releases/assets/626003332"
provenance = "github-attestations"

[[tools.python]]
version = "3.14.8"
backend = "core:python"
specifiers = ["3.14.8"]

[tools.python."platforms.linux-arm64"]
checksum = "sha256:54f9cd13b97add6bbd077175b6d89f974cc582ece1c40ace1893067582edaf0e"
url = "https://github.com/astral-sh/python-build-standalone/releases/download/20261009/cpython-3.14.8+20261009-aarch64-unknown-linux-gnu-install_only_stripped.tar.gz"
provenance = "github-attestations"

[tools.python."platforms.linux-x64"]
checksum = "sha256:ddc902fd26460f728758c67d80417c1031edf97589f1f162c4ba3aa158a35998"
url = "https://github.com/astral-sh/python-build-standalone/releases/download/20261009/cpython-3.14.8+20261009-x86_64-unknown-linux-gnu-install_only_stripped.tar.gz"
provenance = "github-attestations"
