# @generated - this file is auto-generated by `mise lock` https://mise.jdx.dev/dev-tools/mise-lock.html

lockfile_version = 3

[[tools."aqua:biomejs/biome"]]
version = "2.5.15"
backend = "aqua:biomejs/biome"
specifiers = ["2.5.15"]

[tools."aqua:biomejs/biome"."platforms.linux-arm64"]
checksum = "sha256:a56bcd73ddbfdb0f57a82bb67b7ea698eed4027aff602b95aa18fafe919d59e0"
url = "https://github.com/biomejs/biome/releases/download/%40biomejs/biome%402.5.15/biome-linux-arm64"
url_api = "https://api.github.com/repos/biomejs/biome/releases/assets/601227632"
provenance = "github-attestations"

[tools."aqua:biomejs/biome"."platforms.linux-x64"]
checksum = "sha256:5d867a0b2ccea1755b7e508b01d836a8c64e31a1e4d11ec24b43b6b4eec8b3b6"
url = "https://github.com/biomejs/biome/releases/download/%40biomejs/biome%402.5.15/biome-linux-x64"
url_api = "https://api.github.com/repos/biomejs/biome/releases/assets/601227626"
provenance = "github-attestations"

[[tools.bun]]
version = "1.4.2"
backend = "core:bun"
specifiers = ["1.4.2"]

[tools.bun."platforms.linux-arm64"]
checksum = "sha256:54328bbc2d9c8e0c9f892c544d66c57a83b84139e34909e5ee81758f1ac8fda7"
url = "https://github.com/oven-sh/bun/releases/download/bun-v1.4.2/bun-linux-aarch64.zip"

[tools.bun."platforms.linux-arm64-musl"]
checksum = "sha256:71760b6c8ea30623b81a4907cb815d48e2ea266f2e73e751534a44a0607950df"
url = "https://github.com/oven-sh/bun/releases/download/bun-v1.4.2/bun-linux-aarch64-musl.zip"

[tools.bun."platforms.linux-x64"]
checksum = "sha256:36368faef7527875d5ffa52e53cd48021741f2a83eb6208a8dd64068d422a913"
url = "https://github.com/oven-sh/bun/releases/download/bun-v1.4.2/bun-linux-x64.zip"

[tools.bun."platforms.linux-x64-baseline"]
checksum = "sha256:c678040f14fe0440eb839d37cbd0ce4c051a32da72806ac97de6a6aab6bf728f"
url = "https://github.com/oven-sh/bun/releases/download/bun-v1.4.2/bun-linux-x64-baseline.zip"

[tools.bun."platforms.linux-x64-musl"]
checksum = "sha256:4835eca59d6da70f4674f5642f6e459dcadab773695b2ed9922d131057989742"
url = "https://github.com/oven-sh/bun/releases/download/bun-v1.4.2/bun-linux-x64-musl.zip"

[tools.bun."platforms.linux-x64-musl-baseline"]
checksum = "sha256:76e1db84e98f22f78de0a87e309bfbbf297732847f9720db36750646c85c8c18"
url = "https://github.com/oven-sh/bun/releases/download/bun-v1.4.2/bun-linux-x64-musl-baseline.zip"

[[tools."github:oxc-project/oxc"]]
version = "1.87.0"
backend = "github:oxc-project/oxc"
specifiers = ["1.87.0"]

[tools."github:oxc-project/oxc".options]
asset_pattern = "oxlint-x86_64-unknown-linux-gnu.tar.gz"
version_prefix = "oxlint_v"

[tools."github:oxc-project/oxc"."platforms.linux-x64"]
checksum = "sha256:97a075ac82cd6131641101016f79142ac6765ba79a5a582864450e30d192a425"
url = "https://github.com/oxc-project/oxc/releases/download/oxlint_v1.87.0/oxlint-x86_64-unknown-linux-gnu.tar.gz"
url_api = "https://api.github.com/repos/oxc-project/oxc/releases/assets/612320692"
provenance = "github-attestations"

[[tools."github:oxc-project/oxc"]]
version = "1.87.0"
backend = "github:oxc-project/oxc"
specifiers = ["1.87.0"]

[tools."github:oxc-project/oxc".options]
asset_pattern = "oxlint-aarch64-unknown-linux-gnu.tar.gz"
version_prefix = "oxlint_v"

[tools."github:oxc-project/oxc"."platforms.linux-arm64"]
checksum = "sha256:2226c5ac023135808a391a5f746666ca0fa398f05252b9007c329e4b62ae03c0"
url = "https://github.com/oxc-project/oxc/releases/download/oxlint_v1.87.0/oxlint-aarch64-unknown-linux-gnu.tar.gz"
url_api = "https://api.github.com/repos/oxc-project/oxc/releases/assets/612320601"
provenance = "github-attestations"
