# @generated - this file is auto-generated by `mise lock` https://mise.jdx.dev/dev-tools/mise-lock.html

lockfile_version = 3

[[tools."github:LuaLS/lua-language-server"]]
version = "3.19.1"
backend = "github:LuaLS/lua-language-server"
specifiers = ["3.19.1"]

[tools."github:LuaLS/lua-language-server".options]
asset_pattern = "lua-language-server-*-linux-arm64.tar.gz"

[tools."github:LuaLS/lua-language-server"."platforms.linux-arm64"]
checksum = "sha256:abd2572e8fc929dc838a81ffb8473c5bce0bf39bfe8edb4b120b3b623176ce83"
url = "https://github.com/LuaLS/lua-language-server/releases/download/3.19.1/lua-language-server-3.19.1-linux-arm64.tar.gz"
url_api = "https://api.github.com/repos/LuaLS/lua-language-server/releases/assets/513570945"

[[tools."github:LuaLS/lua-language-server"]]
version = "3.19.1"
backend = "github:LuaLS/lua-language-server"
specifiers = ["3.19.1"]

[tools."github:LuaLS/lua-language-server".options]
asset_pattern = "lua-language-server-*-linux-x64.tar.gz"

[tools."github:LuaLS/lua-language-server"."platforms.linux-x64"]
checksum = "sha256:e9235d2d72ef55bc41cf8c99cda2ed64777682024b4bb81f5dea425060c5cbb8"
url = "https://github.com/LuaLS/lua-language-server/releases/download/3.19.1/lua-language-server-3.19.1-linux-x64.tar.gz"
url_api = "https://api.github.com/repos/LuaLS/lua-language-server/releases/assets/513572259"
